// !$*UTF8*$!
{
	archiveVersion = 1;
	classes = {
	};
	objectVersion = 46;
	objects = {

/* Begin PBXBuildFile section */
		87FCD8DA82054BF699BB9089 /* libPods.a in Frameworks */ = {isa = PBXBuildFile; fileRef = D9594C2259A1455290D1CCF3 /* libPods.a */; };
		F68A348517B950B600DBE817 /* Code Editor-Info.plist in Resources */ = {isa = PBXBuildFile; fileRef = F68A346417B950B600DBE817 /* Code Editor-Info.plist */; };
		F68A348617B950B600DBE817 /* Credits.rtf in Resources */ = {isa = PBXBuildFile; fileRef = F68A346617B950B600DBE817 /* Credits.rtf */; };
		F68A348717B950B600DBE817 /* GMDocument.xib in Resources */ = {isa = PBXBuildFile; fileRef = F68A346817B950B600DBE817 /* GMDocument.xib */; };
		F68A348817B950B600DBE817 /* InfoPlist.strings in Resources */ = {isa = PBXBuildFile; fileRef = F68A346A17B950B600DBE817 /* InfoPlist.strings */; };
		F68A348917B950B600DBE817 /* MainMenu.xib in Resources */ = {isa = PBXBuildFile; fileRef = F68A346C17B950B600DBE817 /* MainMenu.xib */; };
		F68A348A17B950B600DBE817 /* GMDocument.m in Sources */ = {isa = PBXBuildFile; fileRef = F68A346F17B950B600DBE817 /* GMDocument.m */; };
		F68A348B17B950B600DBE817 /* main.m in Sources */ = {isa = PBXBuildFile; fileRef = F68A347017B950B600DBE817 /* main.m */; };
		F68A348C17B950B600DBE817 /* completionItem.xib in Resources */ = {isa = PBXBuildFile; fileRef = F68A347217B950B600DBE817 /* completionItem.xib */; };
		F68A348E17B950B600DBE817 /* css.language in Resources */ = {isa = PBXBuildFile; fileRef = F68A347417B950B600DBE817 /* css.language */; };
		F68A348F17B950B600DBE817 /* light.theme in Resources */ = {isa = PBXBuildFile; fileRef = F68A347517B950B600DBE817 /* light.theme */; };
		F68A349017B950B600DBE817 /* okaida.theme in Resources */ = {isa = PBXBuildFile; fileRef = F68A347617B950B600DBE817 /* okaida.theme */; };
		F68A349117B950B600DBE817 /* ruby.language in Resources */ = {isa = PBXBuildFile; fileRef = F68A347717B950B600DBE817 /* ruby.language */; };
		F68A349217B950B600DBE817 /* GMAutoCompleteTextView.m in Sources */ = {isa = PBXBuildFile; fileRef = F68A347A17B950B600DBE817 /* GMAutoCompleteTextView.m */; };
		F68A349317B950B600DBE817 /* GMCodeEditor.m in Sources */ = {isa = PBXBuildFile; fileRef = F68A347C17B950B600DBE817 /* GMCodeEditor.m */; };
		F68A349417B950B600DBE817 /* GMLanguage.m in Sources */ = {isa = PBXBuildFile; fileRef = F68A347E17B950B600DBE817 /* GMLanguage.m */; };
		F68A349517B950B600DBE817 /* GMSyntaxHighlighter.m in Sources */ = {isa = PBXBuildFile; fileRef = F68A348017B950B600DBE817 /* GMSyntaxHighlighter.m */; };
		F68A349617B950B600DBE817 /* GMTheme.m in Sources */ = {isa = PBXBuildFile; fileRef = F68A348217B950B600DBE817 /* GMTheme.m */; };
		F68A349717B950B600DBE817 /* TETextUtils.m in Sources */ = {isa = PBXBuildFile; fileRef = F68A348417B950B600DBE817 /* TETextUtils.m */; };
		F6C29CD31784612300FB9E4C /* Cocoa.framework in Frameworks */ = {isa = PBXBuildFile; fileRef = F6C29CD21784612300FB9E4C /* Cocoa.framework */; };
/* End PBXBuildFile section */

/* Begin PBXFileReference section */
		6C7877FCD8C9415B9A89526E /* Pods.xcconfig */ = {isa = PBXFileReference; includeInIndex = 1; lastKnownFileType = text.xcconfig; name = Pods.xcconfig; path = Pods/Pods.xcconfig; sourceTree = SOURCE_ROOT; };
		D9594C2259A1455290D1CCF3 /* libPods.a */ = {isa = PBXFileReference; explicitFileType = archive.ar; includeInIndex = 0; path = libPods.a; sourceTree = BUILT_PRODUCTS_DIR; };
		F68A346417B950B600DBE817 /* Code Editor-Info.plist */ = {isa = PBXFileReference; fileEncoding = 4; lastKnownFileType = text.plist.xml; path = "Code Editor-Info.plist"; sourceTree = "<group>"; };
		F68A346517B950B600DBE817 /* Code Editor-Prefix.pch */ = {isa = PBXFileReference; fileEncoding = 4; lastKnownFileType = sourcecode.c.h; path = "Code Editor-Prefix.pch"; sourceTree = "<group>"; };
		F68A346717B950B600DBE817 /* en */ = {isa = PBXFileReference; lastKnownFileType = text.rtf; name = en; path = en.lproj/Credits.rtf; sourceTree = "<group>"; };
		F68A346917B950B600DBE817 /* en */ = {isa = PBXFileReference; lastKnownFileType = file.xib; name = en; path = en.lproj/GMDocument.xib; sourceTree = "<group>"; };
		F68A346B17B950B600DBE817 /* en */ = {isa = PBXFileReference; lastKnownFileType = text.plist.strings; name = en; path = en.lproj/InfoPlist.strings; sourceTree = "<group>"; };
		F68A346D17B950B600DBE817 /* en */ = {isa = PBXFileReference; lastKnownFileType = file.xib; name = en; path = en.lproj/MainMenu.xib; sourceTree = "<group>"; };
		F68A346E17B950B600DBE817 /* GMDocument.h */ = {isa = PBXFileReference; fileEncoding = 4; lastKnownFileType = sourcecode.c.h; path = GMDocument.h; sourceTree = "<group>"; };
		F68A346F17B950B600DBE817 /* GMDocument.m */ = {isa = PBXFileReference; fileEncoding = 4; lastKnownFileType = sourcecode.c.objc; path = GMDocument.m; sourceTree = "<group>"; };
		F68A347017B950B600DBE817 /* main.m */ = {isa = PBXFileReference; fileEncoding = 4; lastKnownFileType = sourcecode.c.objc; path = main.m; sourceTree = "<group>"; };
		F68A347217B950B600DBE817 /* completionItem.xib */ = {isa = PBXFileReference; fileEncoding = 4; lastKnownFileType = file.xib; path = completionItem.xib; sourceTree = "<group>"; };
		F68A347417B950B600DBE817 /* css.language */ = {isa = PBXFileReference; fileEncoding = 4; lastKnownFileType = text.xml; path = css.language; sourceTree = "<group>"; };
		F68A347517B950B600DBE817 /* light.theme */ = {isa = PBXFileReference; fileEncoding = 4; lastKnownFileType = text.xml; path = light.theme; sourceTree = "<group>"; };
		F68A347617B950B600DBE817 /* okaida.theme */ = {isa = PBXFileReference; fileEncoding = 4; lastKnownFileType = text.xml; path = okaida.theme; sourceTree = "<group>"; };
		F68A347717B950B600DBE817 /* ruby.language */ = {isa = PBXFileReference; fileEncoding = 4; lastKnownFileType = text.xml; path = ruby.language; sourceTree = "<group>"; };
		F68A347917B950B600DBE817 /* GMAutoCompleteTextView.h */ = {isa = PBXFileReference; fileEncoding = 4; lastKnownFileType = sourcecode.c.h; path = GMAutoCompleteTextView.h; sourceTree = "<group>"; };
		F68A347A17B950B600DBE817 /* GMAutoCompleteTextView.m */ = {isa = PBXFileReference; fileEncoding = 4; lastKnownFileType = sourcecode.c.objc; path = GMAutoCompleteTextView.m; sourceTree = "<group>"; };
		F68A347B17B950B600DBE817 /* GMCodeEditor.h */ = {isa = PBXFileReference; fileEncoding = 4; lastKnownFileType = sourcecode.c.h; path = GMCodeEditor.h; sourceTree = "<group>"; };
		F68A347C17B950B600DBE817 /* GMCodeEditor.m */ = {isa = PBXFileReference; fileEncoding = 4; lastKnownFileType = sourcecode.c.objc; path = GMCodeEditor.m; sourceTree = "<group>"; };
		F68A347D17B950B600DBE817 /* GMLanguage.h */ = {isa = PBXFileReference; fileEncoding = 4; lastKnownFileType = sourcecode.c.h; path = GMLanguage.h; sourceTree = "<group>"; };
		F68A347E17B950B600DBE817 /* GMLanguage.m */ = {isa = PBXFileReference; fileEncoding = 4; lastKnownFileType = sourcecode.c.objc; path = GMLanguage.m; sourceTree = "<group>"; };
		F68A347F17B950B600DBE817 /* GMSyntaxHighlighter.h */ = {isa = PBXFileReference; fileEncoding = 4; lastKnownFileType = sourcecode.c.h; path = GMSyntaxHighlighter.h; sourceTree = "<group>"; };
		F68A348017B950B600DBE817 /* GMSyntaxHighlighter.m */ = {isa = PBXFileReference; fileEncoding = 4; lastKnownFileType = sourcecode.c.objc; path = GMSyntaxHighlighter.m; sourceTree = "<group>"; };
		F68A348117B950B600DBE817 /* GMTheme.h */ = {isa = PBXFileReference; fileEncoding = 4; lastKnownFileType = sourcecode.c.h; path = GMTheme.h; sourceTree = "<group>"; };
		F68A348217B950B600DBE817 /* GMTheme.m */ = {isa = PBXFileReference; fileEncoding = 4; lastKnownFileType = sourcecode.c.objc; path = GMTheme.m; sourceTree = "<group>"; };
		F68A348317B950B600DBE817 /* TETextUtils.h */ = {isa = PBXFileReference; fileEncoding = 4; lastKnownFileType = sourcecode.c.h; path = TETextUtils.h; sourceTree = "<group>"; };
		F68A348417B950B600DBE817 /* TETextUtils.m */ = {isa = PBXFileReference; fileEncoding = 4; lastKnownFileType = sourcecode.c.objc; path = TETextUtils.m; sourceTree = "<group>"; };
		F6C29CCF1784612300FB9E4C /* Code Editor.app */ = {isa = PBXFileReference; explicitFileType = wrapper.application; includeInIndex = 0; path = "Code Editor.app"; sourceTree = BUILT_PRODUCTS_DIR; };
		F6C29CD21784612300FB9E4C /* Cocoa.framework */ = {isa = PBXFileReference; lastKnownFileType = wrapper.framework; name = Cocoa.framework; path = System/Library/Frameworks/Cocoa.framework; sourceTree = SDKROOT; };
		F6C29CD51784612300FB9E4C /* AppKit.framework */ = {isa = PBXFileReference; lastKnownFileType = wrapper.framework; name = AppKit.framework; path = System/Library/Frameworks/AppKit.framework; sourceTree = SDKROOT; };
		F6C29CD61784612300FB9E4C /* CoreData.framework */ = {isa = PBXFileReference; lastKnownFileType = wrapper.framework; name = CoreData.framework; path = System/Library/Frameworks/CoreData.framework; sourceTree = SDKROOT; };
		F6C29CD71784612300FB9E4C /* Foundation.framework */ = {isa = PBXFileReference; lastKnownFileType = wrapper.framework; name = Foundation.framework; path = System/Library/Frameworks/Foundation.framework; sourceTree = SDKROOT; };
		F6C29CF21784618C00FB9E4C /* Podfile */ = {isa = PBXFileReference; lastKnownFileType = text; path = Podfile; sourceTree = "<group>"; xcLanguageSpecificationIdentifier = xcode.lang.ruby; };
		F6C29D41179570FD00FB9E4C /* SenTestingKit.framework */ = {isa = PBXFileReference; lastKnownFileType = wrapper.framework; name = SenTestingKit.framework; path = Library/Frameworks/SenTestingKit.framework; sourceTree = DEVELOPER_DIR; };
/* End PBXFileReference section */

/* Begin PBXFrameworksBuildPhase section */
		F6C29CCC1784612300FB9E4C /* Frameworks */ = {
			isa = PBXFrameworksBuildPhase;
			buildActionMask = 2147483647;
			files = (
				F6C29CD31784612300FB9E4C /* Cocoa.framework in Frameworks */,
				87FCD8DA82054BF699BB9089 /* libPods.a in Frameworks */,
			);
			runOnlyForDeploymentPostprocessing = 0;
		};
/* End PBXFrameworksBuildPhase section */

/* Begin PBXGroup section */
		F68A346317B950B600DBE817 /* GMCodeEditor */ = {
			isa = PBXGroup;
			children = (
				F68A346417B950B600DBE817 /* Code Editor-Info.plist */,
				F68A346517B950B600DBE817 /* Code Editor-Prefix.pch */,
				F68A346617B950B600DBE817 /* Credits.rtf */,
				F68A346817B950B600DBE817 /* GMDocument.xib */,
				F68A346A17B950B600DBE817 /* InfoPlist.strings */,
				F68A346C17B950B600DBE817 /* MainMenu.xib */,
				F68A346E17B950B600DBE817 /* GMDocument.h */,
				F68A346F17B950B600DBE817 /* GMDocument.m */,
				F68A347017B950B600DBE817 /* main.m */,
				F68A347117B950B600DBE817 /* resources */,
				F68A347817B950B600DBE817 /* src */,
			);
			path = GMCodeEditor;
			sourceTree = "<group>";
		};
		F68A347117B950B600DBE817 /* resources */ = {
			isa = PBXGroup;
			children = (
				F68A347217B950B600DBE817 /* completionItem.xib */,
				F68A347417B950B600DBE817 /* css.language */,
				F68A347517B950B600DBE817 /* light.theme */,
				F68A347617B950B600DBE817 /* okaida.theme */,
				F68A347717B950B600DBE817 /* ruby.language */,
			);
			path = resources;
			sourceTree = "<group>";
		};
		F68A347817B950B600DBE817 /* src */ = {
			isa = PBXGroup;
			children = (
				F68A347917B950B600DBE817 /* GMAutoCompleteTextView.h */,
				F68A347A17B950B600DBE817 /* GMAutoCompleteTextView.m */,
				F68A347B17B950B600DBE817 /* GMCodeEditor.h */,
				F68A347C17B950B600DBE817 /* GMCodeEditor.m */,
				F68A347D17B950B600DBE817 /* GMLanguage.h */,
				F68A347E17B950B600DBE817 /* GMLanguage.m */,
				F68A347F17B950B600DBE817 /* GMSyntaxHighlighter.h */,
				F68A348017B950B600DBE817 /* GMSyntaxHighlighter.m */,
				F68A348117B950B600DBE817 /* GMTheme.h */,
				F68A348217B950B600DBE817 /* GMTheme.m */,
				F68A348317B950B600DBE817 /* TETextUtils.h */,
				F68A348417B950B600DBE817 /* TETextUtils.m */,
			);
			path = src;
			sourceTree = "<group>";
		};
		F6C29CC61784612300FB9E4C = {
			isa = PBXGroup;
			children = (
				F68A346317B950B600DBE817 /* GMCodeEditor */,
				F6C29CF21784618C00FB9E4C /* Podfile */,
				F6C29CD11784612300FB9E4C /* Frameworks */,
				F6C29CD01784612300FB9E4C /* Products */,
				6C7877FCD8C9415B9A89526E /* Pods.xcconfig */,
			);
			sourceTree = "<group>";
		};
		F6C29CD01784612300FB9E4C /* Products */ = {
			isa = PBXGroup;
			children = (
				F6C29CCF1784612300FB9E4C /* Code Editor.app */,
			);
			name = Products;
			sourceTree = "<group>";
		};
		F6C29CD11784612300FB9E4C /* Frameworks */ = {
			isa = PBXGroup;
			children = (
				F6C29CD21784612300FB9E4C /* Cocoa.framework */,
				F6C29D41179570FD00FB9E4C /* SenTestingKit.framework */,
				F6C29CD41784612300FB9E4C /* Other Frameworks */,
				D9594C2259A1455290D1CCF3 /* libPods.a */,
			);
			name = Frameworks;
			sourceTree = "<group>";
		};
		F6C29CD41784612300FB9E4C /* Other Frameworks */ = {
			isa = PBXGroup;
			children = (
				F6C29CD51784612300FB9E4C /* AppKit.framework */,
				F6C29CD61784612300FB9E4C /* CoreData.framework */,
				F6C29CD71784612300FB9E4C /* Foundation.framework */,
			);
			name = "Other Frameworks";
			sourceTree = "<group>";
		};
/* End PBXGroup section */

/* Begin PBXNativeTarget section */
		F6C29CCE1784612300FB9E4C /* Code Editor */ = {
			isa = PBXNativeTarget;
			buildConfigurationList = F6C29CEF1784612300FB9E4C /* Build configuration list for PBXNativeTarget "Code Editor" */;
			buildPhases = (
				8D93343C97F340BFA00689D9 /* Check Pods Manifest.lock */,
				F6C29CCB1784612300FB9E4C /* Sources */,
				F6C29CCC1784612300FB9E4C /* Frameworks */,
				F6C29CCD1784612300FB9E4C /* Resources */,
				7079BFCA74A64EE6BB2A8855 /* Copy Pods Resources */,
			);
			buildRules = (
			);
			dependencies = (
			);
			name = "Code Editor";
			productName = "CSS Editor";
			productReference = F6C29CCF1784612300FB9E4C /* Code Editor.app */;
			productType = "com.apple.product-type.application";
		};
/* End PBXNativeTarget section */

/* Begin PBXProject section */
		F6C29CC71784612300FB9E4C /* Project object */ = {
			isa = PBXProject;
			attributes = {
				CLASSPREFIX = GM;
				LastUpgradeCheck = 0460;
				ORGANIZATIONNAME = "Jakub Hampl";
			};
			buildConfigurationList = F6C29CCA1784612300FB9E4C /* Build configuration list for PBXProject "Code Editor" */;
			compatibilityVersion = "Xcode 3.2";
			developmentRegion = English;
			hasScannedForEncodings = 0;
			knownRegions = (
				en,
			);
			mainGroup = F6C29CC61784612300FB9E4C;
			productRefGroup = F6C29CD01784612300FB9E4C /* Products */;
			projectDirPath = "";
			projectRoot = "";
			targets = (
				F6C29CCE1784612300FB9E4C /* Code Editor */,
			);
		};
/* End PBXProject section */

/* Begin PBXResourcesBuildPhase section */
		F6C29CCD1784612300FB9E4C /* Resources */ = {
			isa = PBXResourcesBuildPhase;
			buildActionMask = 2147483647;
			files = (
				F68A348517B950B600DBE817 /* Code Editor-Info.plist in Resources */,
				F68A348617B950B600DBE817 /* Credits.rtf in Resources */,
				F68A348717B950B600DBE817 /* GMDocument.xib in Resources */,
				F68A348817B950B600DBE817 /* InfoPlist.strings in Resources */,
				F68A348917B950B600DBE817 /* MainMenu.xib in Resources */,
				F68A348C17B950B600DBE817 /* completionItem.xib in Resources */,
				F68A348E17B950B600DBE817 /* css.language in Resources */,
				F68A348F17B950B600DBE817 /* light.theme in Resources */,
				F68A349017B950B600DBE817 /* okaida.theme in Resources */,
				F68A349117B950B600DBE817 /* ruby.language in Resources */,
			);
			runOnlyForDeploymentPostprocessing = 0;
		};
/* End PBXResourcesBuildPhase section */

/* Begin PBXShellScriptBuildPhase section */
		7079BFCA74A64EE6BB2A8855 /* Copy Pods Resources */ = {
			isa = PBXShellScriptBuildPhase;
			buildActionMask = 2147483647;
			files = (
			);
			inputPaths = (
			);
			name = "Copy Pods Resources";
			outputPaths = (
			);
			runOnlyForDeploymentPostprocessing = 0;
			shellPath = /bin/sh;
			shellScript = "\"${SRCROOT}/Pods/Pods-resources.sh\"\n";
		};
		8D93343C97F340BFA00689D9 /* Check Pods Manifest.lock */ = {
			isa = PBXShellScriptBuildPhase;
			buildActionMask = 2147483647;
			files = (
			);
			inputPaths = (
			);
			name = "Check Pods Manifest.lock";
			outputPaths = (
			);
			runOnlyForDeploymentPostprocessing = 0;
			shellPath = /bin/sh;
			shellScript = "diff \"${PODS_ROOT}/../Podfile.lock\" \"${PODS_ROOT}/Manifest.lock\" > /dev/null\nif [[ $? != 0 ]] ; then\n    cat << EOM\nerror: The sandbox is not in sync with the Podfile.lock. Run 'pod install' or update your CocoaPods installation.\nEOM\n    exit 1\nfi\n";
		};
/* End PBXShellScriptBuildPhase section */

/* Begin PBXSourcesBuildPhase section */
		F6C29CCB1784612300FB9E4C /* Sources */ = {
			isa = PBXSourcesBuildPhase;
			buildActionMask = 2147483647;
			files = (
				F68A348A17B950B600DBE817 /* GMDocument.m in Sources */,
				F68A348B17B950B600DBE817 /* main.m in Sources */,
				F68A349217B950B600DBE817 /* GMAutoCompleteTextView.m in Sources */,
				F68A349317B950B600DBE817 /* GMCodeEditor.m in Sources */,
				F68A349417B950B600DBE817 /* GMLanguage.m in Sources */,
				F68A349517B950B600DBE817 /* GMSyntaxHighlighter.m in Sources */,
				F68A349617B950B600DBE817 /* GMTheme.m in Sources */,
				F68A349717B950B600DBE817 /* TETextUtils.m in Sources */,
			);
			runOnlyForDeploymentPostprocessing = 0;
		};
/* End PBXSourcesBuildPhase section */

/* Begin PBXVariantGroup section */
		F68A346617B950B600DBE817 /* Credits.rtf */ = {
			isa = PBXVariantGroup;
			children = (
				F68A346717B950B600DBE817 /* en */,
			);
			name = Credits.rtf;
			sourceTree = "<group>";
		};
		F68A346817B950B600DBE817 /* GMDocument.xib */ = {
			isa = PBXVariantGroup;
			children = (
				F68A346917B950B600DBE817 /* en */,
			);
			name = GMDocument.xib;
			sourceTree = "<group>";
		};
		F68A346A17B950B600DBE817 /* InfoPlist.strings */ = {
			isa = PBXVariantGroup;
			children = (
				F68A346B17B950B600DBE817 /* en */,
			);
			name = InfoPlist.strings;
			sourceTree = "<group>";
		};
		F68A346C17B950B600DBE817 /* MainMenu.xib */ = {
			isa = PBXVariantGroup;
			children = (
				F68A346D17B950B600DBE817 /* en */,
			);
			name = MainMenu.xib;
			sourceTree = "<group>";
		};
/* End PBXVariantGroup section */

/* Begin XCBuildConfiguration section */
		F6C29CED1784612300FB9E4C /* Debug */ = {
			isa = XCBuildConfiguration;
			buildSettings = {
				ALWAYS_SEARCH_USER_PATHS = NO;
				ARCHS = "$(ARCHS_STANDARD_64_BIT)";
				CLANG_CXX_LANGUAGE_STANDARD = "gnu++0x";
				CLANG_CXX_LIBRARY = "libc++";
				CLANG_ENABLE_OBJC_ARC = YES;
				CLANG_WARN_CONSTANT_CONVERSION = YES;
				CLANG_WARN_EMPTY_BODY = YES;
				CLANG_WARN_ENUM_CONVERSION = YES;
				CLANG_WARN_INT_CONVERSION = YES;
				CLANG_WARN__DUPLICATE_METHOD_MATCH = YES;
				COPY_PHASE_STRIP = NO;
				GCC_C_LANGUAGE_STANDARD = gnu99;
				GCC_DYNAMIC_NO_PIC = NO;
				GCC_ENABLE_OBJC_EXCEPTIONS = YES;
				GCC_OPTIMIZATION_LEVEL = 0;
				GCC_PREPROCESSOR_DEFINITIONS = (
					"DEBUG=1",
					"$(inherited)",
				);
				GCC_SYMBOLS_PRIVATE_EXTERN = NO;
				GCC_WARN_64_TO_32_BIT_CONVERSION = YES;
				GCC_WARN_ABOUT_RETURN_TYPE = YES;
				GCC_WARN_UNINITIALIZED_AUTOS = YES;
				GCC_WARN_UNUSED_VARIABLE = YES;
				MACOSX_DEPLOYMENT_TARGET = 10.8;
				ONLY_ACTIVE_ARCH = YES;
				SDKROOT = macosx;
			};
			name = Debug;
		};
		F6C29CEE1784612300FB9E4C /* Release */ = {
			isa = XCBuildConfiguration;
			buildSettings = {
				ALWAYS_SEARCH_USER_PATHS = NO;
				ARCHS = "$(ARCHS_STANDARD_64_BIT)";
				CLANG_CXX_LANGUAGE_STANDARD = "gnu++0x";
				CLANG_CXX_LIBRARY = "libc++";
				CLANG_ENABLE_OBJC_ARC = YES;
				CLANG_WARN_CONSTANT_CONVERSION = YES;
				CLANG_WARN_EMPTY_BODY = YES;
				CLANG_WARN_ENUM_CONVERSION = YES;
				CLANG_WARN_INT_CONVERSION = YES;
				CLANG_WARN__DUPLICATE_METHOD_MATCH = YES;
				COPY_PHASE_STRIP = YES;
				DEBUG_INFORMATION_FORMAT = "dwarf-with-dsym";
				GCC_C_LANGUAGE_STANDARD = gnu99;
				GCC_ENABLE_OBJC_EXCEPTIONS = YES;
				GCC_WARN_64_TO_32_BIT_CONVERSION = YES;
				GCC_WARN_ABOUT_RETURN_TYPE = YES;
				GCC_WARN_UNINITIALIZED_AUTOS = YES;
				GCC_WARN_UNUSED_VARIABLE = YES;
				MACOSX_DEPLOYMENT_TARGET = 10.8;
				SDKROOT = macosx;
			};
			name = Release;
		};
		F6C29CF01784612300FB9E4C /* Debug */ = {
			isa = XCBuildConfiguration;
			baseConfigurationReference = 6C7877FCD8C9415B9A89526E /* Pods.xcconfig */;
			buildSettings = {
				CLANG_ENABLE_OBJC_ARC = YES;
				COMBINE_HIDPI_IMAGES = YES;
				GCC_PRECOMPILE_PREFIX_HEADER = YES;
				GCC_PREFIX_HEADER = "GMCodeEditor/Code Editor-Prefix.pch";
				INFOPLIST_FILE = "GMCodeEditor/Code Editor-Info.plist";
				PRODUCT_NAME = "Code Editor";
				WRAPPER_EXTENSION = app;
			};
			name = Debug;
		};
		F6C29CF11784612300FB9E4C /* Release */ = {
			isa = XCBuildConfiguration;
			baseConfigurationReference = 6C7877FCD8C9415B9A89526E /* Pods.xcconfig */;
			buildSettings = {
				CLANG_ENABLE_OBJC_ARC = YES;
				COMBINE_HIDPI_IMAGES = YES;
				GCC_PRECOMPILE_PREFIX_HEADER = YES;
				GCC_PREFIX_HEADER = "GMCodeEditor/Code Editor-Prefix.pch";
				INFOPLIST_FILE = "GMCodeEditor/Code Editor-Info.plist";
				PRODUCT_NAME = "Code Editor";
				WRAPPER_EXTENSION = app;
			};
			name = Release;
		};
/* End XCBuildConfiguration section */

/* Begin XCConfigurationList section */
		F6C29CCA1784612300FB9E4C /* Build configuration list for PBXProject "Code Editor" */ = {
			isa = XCConfigurationList;
			buildConfigurations = (
				F6C29CED1784612300FB9E4C /* Debug */,
				F6C29CEE1784612300FB9E4C /* Release */,
			);
			defaultConfigurationIsVisible = 0;
			defaultConfigurationName = Release;
		};
		F6C29CEF1784612300FB9E4C /* Build configuration list for PBXNativeTarget "Code Editor" */ = {
			isa = XCConfigurationList;
			buildConfigurations = (
				F6C29CF01784612300FB9E4C /* Debug */,
				F6C29CF11784612300FB9E4C /* Release */,
			);
			defaultConfigurationIsVisible = 0;
			defaultConfigurationName = Release;
		};
/* End XCConfigurationList section */
	};
	rootObject = F6C29CC71784612300FB9E4C /* Project object */;
}
